// !$*UTF8*$!
{
	archiveVersion = 1;
	classes = {
	};
	objectVersion = 56;
	objects = {

/* Begin PBXBuildFile section */
		7B2B67F62C0EEF630059B493 /* InstagramCloneApp.swift in Sources */ = {isa = PBXBuildFile; fileRef = 7B2B67F52C0EEF630059B493 /* InstagramCloneApp.swift */; };
		7B2B67F82C0EEF630059B493 /* ContentView.swift in Sources */ = {isa = PBXBuildFile; fileRef = 7B2B67F72C0EEF630059B493 /* ContentView.swift */; };
		7B2B67FA2C0EEF640059B493 /* Assets.xcassets in Resources */ = {isa = PBXBuildFile; fileRef = 7B2B67F92C0EEF640059B493 /* Assets.xcassets */; };
		7B2B67FD2C0EEF640059B493 /* Preview Assets.xcassets in Resources */ = {isa = PBXBuildFile; fileRef = 7B2B67FC2C0EEF640059B493 /* Preview Assets.xcassets */; };
		7B2B68112C0EF92F0059B493 /* MainTabView.swift in Sources */ = {isa = PBXBuildFile; fileRef = 7B2B68102C0EF92F0059B493 /* MainTabView.swift */; };
		7B2B68132C0F02220059B493 /* ProfileView.swift in Sources */ = {isa = PBXBuildFile; fileRef = 7B2B68122C0F02220059B493 /* ProfileView.swift */; };
		7B2B68152C0F05C80059B493 /* UICommon.swift in Sources */ = {isa = PBXBuildFile; fileRef = 7B2B68142C0F05C80059B493 /* UICommon.swift */; };
		7B2B68182C0F2D270059B493 /* UserStatView.swift in Sources */ = {isa = PBXBuildFile; fileRef = 7B2B68172C0F2D270059B493 /* UserStatView.swift */; };
		7B2B681A2C0F2FE30059B493 /* ProfilePicView.swift in Sources */ = {isa = PBXBuildFile; fileRef = 7B2B68192C0F2FE30059B493 /* ProfilePicView.swift */; };
		7B2B681C2C10E0880059B493 /* LoginView.swift in Sources */ = {isa = PBXBuildFile; fileRef = 7B2B681B2C10E0880059B493 /* LoginView.swift */; };
		7B2B681E2C1208DD0059B493 /* AddEmailView.swift in Sources */ = {isa = PBXBuildFile; fileRef = 7B2B681D2C1208DD0059B493 /* AddEmailView.swift */; };
		7B2B68202C122B5C0059B493 /* IGTextFieldModifier.swift in Sources */ = {isa = PBXBuildFile; fileRef = 7B2B681F2C122B5C0059B493 /* IGTextFieldModifier.swift */; };
		7B2B68222C122F000059B493 /* IGButtonModifier.swift in Sources */ = {isa = PBXBuildFile; fileRef = 7B2B68212C122F000059B493 /* IGButtonModifier.swift */; };
		7B2B68242C1231390059B493 /* CreateUsername.swift in Sources */ = {isa = PBXBuildFile; fileRef = 7B2B68232C1231390059B493 /* CreateUsername.swift */; };
		7B2B68262C123D1E0059B493 /* CreatePassword.swift in Sources */ = {isa = PBXBuildFile; fileRef = 7B2B68252C123D1E0059B493 /* CreatePassword.swift */; };
		7B2B68282C123E1D0059B493 /* CompleteSignUpView.swift in Sources */ = {isa = PBXBuildFile; fileRef = 7B2B68272C123E1D0059B493 /* CompleteSignUpView.swift */; };
		7B2B682A2C1242480059B493 /* FeedView.swift in Sources */ = {isa = PBXBuildFile; fileRef = 7B2B68292C1242480059B493 /* FeedView.swift */; };
		7B2B682C2C1242570059B493 /* FeedCell.swift in Sources */ = {isa = PBXBuildFile; fileRef = 7B2B682B2C1242570059B493 /* FeedCell.swift */; };
		7B2B682E2C134AF20059B493 /* SearchView.swift in Sources */ = {isa = PBXBuildFile; fileRef = 7B2B682D2C134AF20059B493 /* SearchView.swift */; };
		7B2B68302C1352EF0059B493 /* User.swift in Sources */ = {isa = PBXBuildFile; fileRef = 7B2B682F2C1352EF0059B493 /* User.swift */; };
		7B2B68322C138CC00059B493 /* CurrentUserProfileView.swift in Sources */ = {isa = PBXBuildFile; fileRef = 7B2B68312C138CC00059B493 /* CurrentUserProfileView.swift */; };
		7B2B68342C138E960059B493 /* OtherUsersProfileView.swift in Sources */ = {isa = PBXBuildFile; fileRef = 7B2B68332C138E960059B493 /* OtherUsersProfileView.swift */; };
		7B2B68362C1399F90059B493 /* Post.swift in Sources */ = {isa = PBXBuildFile; fileRef = 7B2B68352C1399F90059B493 /* Post.swift */; };
		7B2B68382C144CE70059B493 /* UploadPostView.swift in Sources */ = {isa = PBXBuildFile; fileRef = 7B2B68372C144CE70059B493 /* UploadPostView.swift */; };
		7B2B683A2C1583E40059B493 /* UploadPostViewModel.swift in Sources */ = {isa = PBXBuildFile; fileRef = 7B2B68392C1583E40059B493 /* UploadPostViewModel.swift */; };
		7B2B683C2C159B2B0059B493 /* GoogleService-Info.plist in Resources */ = {isa = PBXBuildFile; fileRef = 7B2B683B2C159B2B0059B493 /* GoogleService-Info.plist */; };
		7B2B683F2C159D490059B493 /* FirebaseAnalytics in Frameworks */ = {isa = PBXBuildFile; productRef = 7B2B683E2C159D480059B493 /* FirebaseAnalytics */; };
		7B2B68412C159D490059B493 /* FirebaseAnalyticsOnDeviceConversion in Frameworks */ = {isa = PBXBuildFile; productRef = 7B2B68402C159D490059B493 /* FirebaseAnalyticsOnDeviceConversion */; };
		7B2B68432C159D490059B493 /* FirebaseAnalyticsSwift in Frameworks */ = {isa = PBXBuildFile; productRef = 7B2B68422C159D490059B493 /* FirebaseAnalyticsSwift */; };
		7B2B68452C159D490059B493 /* FirebaseAnalyticsWithoutAdIdSupport in Frameworks */ = {isa = PBXBuildFile; productRef = 7B2B68442C159D490059B493 /* FirebaseAnalyticsWithoutAdIdSupport */; };
		7B2B68472C159D490059B493 /* FirebaseAppCheck in Frameworks */ = {isa = PBXBuildFile; productRef = 7B2B68462C159D490059B493 /* FirebaseAppCheck */; };
		7B2B68492C159D490059B493 /* FirebaseAppDistribution-Beta in Frameworks */ = {isa = PBXBuildFile; productRef = 7B2B68482C159D490059B493 /* FirebaseAppDistribution-Beta */; };
		7B2B684B2C159D490059B493 /* FirebaseAuth in Frameworks */ = {isa = PBXBuildFile; productRef = 7B2B684A2C159D490059B493 /* FirebaseAuth */; };
		7B2B684D2C159D490059B493 /* FirebaseAuthCombine-Community in Frameworks */ = {isa = PBXBuildFile; productRef = 7B2B684C2C159D490059B493 /* FirebaseAuthCombine-Community */; };
		7B2B684F2C159D490059B493 /* FirebaseCrashlytics in Frameworks */ = {isa = PBXBuildFile; productRef = 7B2B684E2C159D490059B493 /* FirebaseCrashlytics */; };
		7B2B68512C159D490059B493 /* FirebaseDatabase in Frameworks */ = {isa = PBXBuildFile; productRef = 7B2B68502C159D490059B493 /* FirebaseDatabase */; };
		7B2B68532C159D490059B493 /* FirebaseDatabaseSwift in Frameworks */ = {isa = PBXBuildFile; productRef = 7B2B68522C159D490059B493 /* FirebaseDatabaseSwift */; };
		7B2B68552C159D490059B493 /* FirebaseDynamicLinks in Frameworks */ = {isa = PBXBuildFile; productRef = 7B2B68542C159D490059B493 /* FirebaseDynamicLinks */; };
		7B2B68572C159D490059B493 /* FirebaseFirestore in Frameworks */ = {isa = PBXBuildFile; productRef = 7B2B68562C159D490059B493 /* FirebaseFirestore */; };
		7B2B68592C159D490059B493 /* FirebaseFirestoreCombine-Community in Frameworks */ = {isa = PBXBuildFile; productRef = 7B2B68582C159D490059B493 /* FirebaseFirestoreCombine-Community */; };
		7B2B685B2C159D490059B493 /* FirebaseFirestoreSwift in Frameworks */ = {isa = PBXBuildFile; productRef = 7B2B685A2C159D490059B493 /* FirebaseFirestoreSwift */; };
		7B2B685D2C159D490059B493 /* FirebaseFunctions in Frameworks */ = {isa = PBXBuildFile; productRef = 7B2B685C2C159D490059B493 /* FirebaseFunctions */; };
		7B2B685F2C159D490059B493 /* FirebaseFunctionsCombine-Community in Frameworks */ = {isa = PBXBuildFile; productRef = 7B2B685E2C159D490059B493 /* FirebaseFunctionsCombine-Community */; };
		7B2B68612C159D490059B493 /* FirebaseInAppMessaging-Beta in Frameworks */ = {isa = PBXBuildFile; productRef = 7B2B68602C159D490059B493 /* FirebaseInAppMessaging-Beta */; };
		7B2B68632C159D490059B493 /* FirebaseInAppMessagingSwift-Beta in Frameworks */ = {isa = PBXBuildFile; productRef = 7B2B68622C159D490059B493 /* FirebaseInAppMessagingSwift-Beta */; };
		7B2B68652C159D490059B493 /* FirebaseInstallations in Frameworks */ = {isa = PBXBuildFile; productRef = 7B2B68642C159D490059B493 /* FirebaseInstallations */; };
		7B2B68672C159D490059B493 /* FirebaseMLModelDownloader in Frameworks */ = {isa = PBXBuildFile; productRef = 7B2B68662C159D490059B493 /* FirebaseMLModelDownloader */; };
		7B2B68692C159D490059B493 /* FirebaseMessaging in Frameworks */ = {isa = PBXBuildFile; productRef = 7B2B68682C159D490059B493 /* FirebaseMessaging */; };
		7B2B686B2C159D490059B493 /* FirebasePerformance in Frameworks */ = {isa = PBXBuildFile; productRef = 7B2B686A2C159D490059B493 /* FirebasePerformance */; };
		7B2B686D2C159D490059B493 /* FirebaseRemoteConfig in Frameworks */ = {isa = PBXBuildFile; productRef = 7B2B686C2C159D490059B493 /* FirebaseRemoteConfig */; };
		7B2B686F2C159D490059B493 /* FirebaseRemoteConfigSwift in Frameworks */ = {isa = PBXBuildFile; productRef = 7B2B686E2C159D490059B493 /* FirebaseRemoteConfigSwift */; };
		7B2B68712C159D490059B493 /* FirebaseStorage in Frameworks */ = {isa = PBXBuildFile; productRef = 7B2B68702C159D490059B493 /* FirebaseStorage */; };
		7B2B68732C159D490059B493 /* FirebaseStorageCombine-Community in Frameworks */ = {isa = PBXBuildFile; productRef = 7B2B68722C159D490059B493 /* FirebaseStorageCombine-Community */; };
		7B2B68752C159D490059B493 /* FirebaseVertexAI-Preview in Frameworks */ = {isa = PBXBuildFile; productRef = 7B2B68742C159D490059B493 /* FirebaseVertexAI-Preview */; };
		7B2B68792C15C14B0059B493 /* AuthService.swift in Sources */ = {isa = PBXBuildFile; fileRef = 7B2B68782C15C14B0059B493 /* AuthService.swift */; };
		7B2B687D2C1A02910059B493 /* ContentViewModel.swift in Sources */ = {isa = PBXBuildFile; fileRef = 7B2B687C2C1A02910059B493 /* ContentViewModel.swift */; };
		7B2B68802C2204850059B493 /* RegistrationViewModel.swift in Sources */ = {isa = PBXBuildFile; fileRef = 7B2B687F2C2204850059B493 /* RegistrationViewModel.swift */; };
		7B92FB1D2C28BD90001CC8ED /* LoginViewModel.swift in Sources */ = {isa = PBXBuildFile; fileRef = 7B92FB1C2C28BD90001CC8ED /* LoginViewModel.swift */; };
/* End PBXBuildFile section */

/* Begin PBXFileReference section */
		7B2B67F22C0EEF630059B493 /* InstagramClone.app */ = {isa = PBXFileReference; explicitFileType = wrapper.application; includeInIndex = 0; path = InstagramClone.app; sourceTree = BUILT_PRODUCTS_DIR; };
		7B2B67F52C0EEF630059B493 /* InstagramCloneApp.swift */ = {isa = PBXFileReference; lastKnownFileType = sourcecode.swift; path = InstagramCloneApp.swift; sourceTree = "<group>"; };
		7B2B67F72C0EEF630059B493 /* ContentView.swift */ = {isa = PBXFileReference; lastKnownFileType = sourcecode.swift; path = ContentView.swift; sourceTree = "<group>"; };
		7B2B67F92C0EEF640059B493 /* Assets.xcassets */ = {isa = PBXFileReference; lastKnownFileType = folder.assetcatalog; path = Assets.xcassets; sourceTree = "<group>"; };
		7B2B67FC2C0EEF640059B493 /* Preview Assets.xcassets */ = {isa = PBXFileReference; lastKnownFileType = folder.assetcatalog; path = "Preview Assets.xcassets"; sourceTree = "<group>"; };
		7B2B68102C0EF92F0059B493 /* MainTabView.swift */ = {isa = PBXFileReference; lastKnownFileType = sourcecode.swift; path = MainTabView.swift; sourceTree = "<group>"; };
		7B2B68122C0F02220059B493 /* ProfileView.swift */ = {isa = PBXFileReference; lastKnownFileType = sourcecode.swift; path = ProfileView.swift; sourceTree = "<group>"; };
		7B2B68142C0F05C80059B493 /* UICommon.swift */ = {isa = PBXFileReference; lastKnownFileType = sourcecode.swift; path = UICommon.swift; sourceTree = "<group>"; };
		7B2B68172C0F2D270059B493 /* UserStatView.swift */ = {isa = PBXFileReference; lastKnownFileType = sourcecode.swift; path = UserStatView.swift; sourceTree = "<group>"; };
		7B2B68192C0F2FE30059B493 /* ProfilePicView.swift */ = {isa = PBXFileReference; lastKnownFileType = sourcecode.swift; path = ProfilePicView.swift; sourceTree = "<group>"; };
		7B2B681B2C10E0880059B493 /* LoginView.swift */ = {isa = PBXFileReference; lastKnownFileType = sourcecode.swift; path = LoginView.swift; sourceTree = "<group>"; };
		7B2B681D2C1208DD0059B493 /* AddEmailView.swift */ = {isa = PBXFileReference; lastKnownFileType = sourcecode.swift; path = AddEmailView.swift; sourceTree = "<group>"; };
		7B2B681F2C122B5C0059B493 /* IGTextFieldModifier.swift */ = {isa = PBXFileReference; lastKnownFileType = sourcecode.swift; path = IGTextFieldModifier.swift; sourceTree = "<group>"; };
		7B2B68212C122F000059B493 /* IGButtonModifier.swift */ = {isa = PBXFileReference; lastKnownFileType = sourcecode.swift; path = IGButtonModifier.swift; sourceTree = "<group>"; };
		7B2B68232C1231390059B493 /* CreateUsername.swift */ = {isa = PBXFileReference; lastKnownFileType = sourcecode.swift; path = CreateUsername.swift; sourceTree = "<group>"; };
		7B2B68252C123D1E0059B493 /* CreatePassword.swift */ = {isa = PBXFileReference; lastKnownFileType = sourcecode.swift; path = CreatePassword.swift; sourceTree = "<group>"; };
		7B2B68272C123E1D0059B493 /* CompleteSignUpView.swift */ = {isa = PBXFileReference; lastKnownFileType = sourcecode.swift; path = CompleteSignUpView.swift; sourceTree = "<group>"; };
		7B2B68292C1242480059B493 /* FeedView.swift */ = {isa = PBXFileReference; lastKnownFileType = sourcecode.swift; path = FeedView.swift; sourceTree = "<group>"; };
		7B2B682B2C1242570059B493 /* FeedCell.swift */ = {isa = PBXFileReference; lastKnownFileType = sourcecode.swift; path = FeedCell.swift; sourceTree = "<group>"; };
		7B2B682D2C134AF20059B493 /* SearchView.swift */ = {isa = PBXFileReference; lastKnownFileType = sourcecode.swift; path = SearchView.swift; sourceTree = "<group>"; };
		7B2B682F2C1352EF0059B493 /* User.swift */ = {isa = PBXFileReference; lastKnownFileType = sourcecode.swift; path = User.swift; sourceTree = "<group>"; };
		7B2B68312C138CC00059B493 /* CurrentUserProfileView.swift */ = {isa = PBXFileReference; lastKnownFileType = sourcecode.swift; path = CurrentUserProfileView.swift; sourceTree = "<group>"; };
		7B2B68332C138E960059B493 /* OtherUsersProfileView.swift */ = {isa = PBXFileReference; lastKnownFileType = sourcecode.swift; path = OtherUsersProfileView.swift; sourceTree = "<group>"; };
		7B2B68352C1399F90059B493 /* Post.swift */ = {isa = PBXFileReference; lastKnownFileType = sourcecode.swift; path = Post.swift; sourceTree = "<group>"; };
		7B2B68372C144CE70059B493 /* UploadPostView.swift */ = {isa = PBXFileReference; lastKnownFileType = sourcecode.swift; path = UploadPostView.swift; sourceTree = "<group>"; };
		7B2B68392C1583E40059B493 /* UploadPostViewModel.swift */ = {isa = PBXFileReference; lastKnownFileType = sourcecode.swift; path = UploadPostViewModel.swift; sourceTree = "<group>"; };
		7B2B683B2C159B2B0059B493 /* GoogleService-Info.plist */ = {isa = PBXFileReference; fileEncoding = 4; lastKnownFileType = text.plist.xml; path = "GoogleService-Info.plist"; sourceTree = "<group>"; };
		7B2B68782C15C14B0059B493 /* AuthService.swift */ = {isa = PBXFileReference; lastKnownFileType = sourcecode.swift; path = AuthService.swift; sourceTree = "<group>"; };
		7B2B687C2C1A02910059B493 /* ContentViewModel.swift */ = {isa = PBXFileReference; lastKnownFileType = sourcecode.swift; path = ContentViewModel.swift; sourceTree = "<group>"; };
		7B2B687F2C2204850059B493 /* RegistrationViewModel.swift */ = {isa = PBXFileReference; lastKnownFileType = sourcecode.swift; path = RegistrationViewModel.swift; sourceTree = "<group>"; };
		7B92FB1C2C28BD90001CC8ED /* LoginViewModel.swift */ = {isa = PBXFileReference; lastKnownFileType = sourcecode.swift; path = LoginViewModel.swift; sourceTree = "<group>"; };
/* End PBXFileReference section */

/* Begin PBXFrameworksBuildPhase section */
		7B2B67EF2C0EEF630059B493 /* Frameworks */ = {
			isa = PBXFrameworksBuildPhase;
			buildActionMask = 2147483647;
			files = (
				7B2B68512C159D490059B493 /* FirebaseDatabase in Frameworks */,
				7B2B685F2C159D490059B493 /* FirebaseFunctionsCombine-Community in Frameworks */,
				7B2B68572C159D490059B493 /* FirebaseFirestore in Frameworks */,
				7B2B68432C159D490059B493 /* FirebaseAnalyticsSwift in Frameworks */,
				7B2B683F2C159D490059B493 /* FirebaseAnalytics in Frameworks */,
				7B2B68412C159D490059B493 /* FirebaseAnalyticsOnDeviceConversion in Frameworks */,
				7B2B68672C159D490059B493 /* FirebaseMLModelDownloader in Frameworks */,
				7B2B685B2C159D490059B493 /* FirebaseFirestoreSwift in Frameworks */,
				7B2B68472C159D490059B493 /* FirebaseAppCheck in Frameworks */,
				7B2B68452C159D490059B493 /* FirebaseAnalyticsWithoutAdIdSupport in Frameworks */,
				7B2B684B2C159D490059B493 /* FirebaseAuth in Frameworks */,
				7B2B684F2C159D490059B493 /* FirebaseCrashlytics in Frameworks */,
				7B2B686F2C159D490059B493 /* FirebaseRemoteConfigSwift in Frameworks */,
				7B2B68612C159D490059B493 /* FirebaseInAppMessaging-Beta in Frameworks */,
				7B2B68532C159D490059B493 /* FirebaseDatabaseSwift in Frameworks */,
				7B2B685D2C159D490059B493 /* FirebaseFunctions in Frameworks */,
				7B2B68732C159D490059B493 /* FirebaseStorageCombine-Community in Frameworks */,
				7B2B686D2C159D490059B493 /* FirebaseRemoteConfig in Frameworks */,
				7B2B68492C159D490059B493 /* FirebaseAppDistribution-Beta in Frameworks */,
				7B2B684D2C159D490059B493 /* FirebaseAuthCombine-Community in Frameworks */,
				7B2B686B2C159D490059B493 /* FirebasePerformance in Frameworks */,
				7B2B68632C159D490059B493 /* FirebaseInAppMessagingSwift-Beta in Frameworks */,
				7B2B68712C159D490059B493 /* FirebaseStorage in Frameworks */,
				7B2B68552C159D490059B493 /* FirebaseDynamicLinks in Frameworks */,
				7B2B68752C159D490059B493 /* FirebaseVertexAI-Preview in Frameworks */,
				7B2B68592C159D490059B493 /* FirebaseFirestoreCombine-Community in Frameworks */,
				7B2B68692C159D490059B493 /* FirebaseMessaging in Frameworks */,
				7B2B68652C159D490059B493 /* FirebaseInstallations in Frameworks */,
			);
			runOnlyForDeploymentPostprocessing = 0;
		};
/* End PBXFrameworksBuildPhase section */

/* Begin PBXGroup section */
		7B2B67E92C0EEF630059B493 = {
			isa = PBXGroup;
			children = (
				7B2B67F42C0EEF630059B493 /* InstagramClone */,
				7B2B67F32C0EEF630059B493 /* Products */,
			);
			sourceTree = "<group>";
		};
		7B2B67F32C0EEF630059B493 /* Products */ = {
			isa = PBXGroup;
			children = (
				7B2B67F22C0EEF630059B493 /* InstagramClone.app */,
			);
			name = Products;
			sourceTree = "<group>";
		};
		7B2B67F42C0EEF630059B493 /* InstagramClone */ = {
			isa = PBXGroup;
			children = (
				7B2B68032C0EEF8A0059B493 /* App */,
				7B2B68072C0EEFAA0059B493 /* Core */,
				7B2B68052C0EEF9B0059B493 /* Extensions */,
				7B2B68062C0EEFA60059B493 /* Model */,
				7B2B67FB2C0EEF640059B493 /* Preview Content */,
				7B2B68082C0EEFB60059B493 /* Services */,
				7B2B683B2C159B2B0059B493 /* GoogleService-Info.plist */,
				7B2B67F92C0EEF640059B493 /* Assets.xcassets */,
			);
			path = InstagramClone;
			sourceTree = "<group>";
		};
		7B2B67FB2C0EEF640059B493 /* Preview Content */ = {
			isa = PBXGroup;
			children = (
				7B2B67FC2C0EEF640059B493 /* Preview Assets.xcassets */,
			);
			path = "Preview Content";
			sourceTree = "<group>";
		};
		7B2B68032C0EEF8A0059B493 /* App */ = {
			isa = PBXGroup;
			children = (
				7B2B67F52C0EEF630059B493 /* InstagramCloneApp.swift */,
			);
			path = App;
			sourceTree = "<group>";
		};
		7B2B68052C0EEF9B0059B493 /* Extensions */ = {
			isa = PBXGroup;
			children = (
				7B2B68142C0F05C80059B493 /* UICommon.swift */,
			);
			path = Extensions;
			sourceTree = "<group>";
		};
		7B2B68062C0EEFA60059B493 /* Model */ = {
			isa = PBXGroup;
			children = (
				7B2B682F2C1352EF0059B493 /* User.swift */,
				7B2B68352C1399F90059B493 /* Post.swift */,
			);
			path = Model;
			sourceTree = "<group>";
		};
		7B2B68072C0EEFAA0059B493 /* Core */ = {
			isa = PBXGroup;
			children = (
				7B2B68092C0EEFEB0059B493 /* Authentication */,
				7B2B68162C0F2C0E0059B493 /* Components */,
				7B2B680A2C0EEFF30059B493 /* Feed */,
				7B2B680B2C0EEFF70059B493 /* Profile */,
				7B2B680C2C0EEFFC0059B493 /* Root */,
				7B2B680D2C0EF0030059B493 /* Search */,
				7B2B680E2C0EF01D0059B493 /* TabBar */,
				7B2B680F2C0EF0250059B493 /* UploadPost */,
			);
			path = Core;
			sourceTree = "<group>";
		};
		7B2B68082C0EEFB60059B493 /* Services */ = {
			isa = PBXGroup;
			children = (
			);
			path = Services;
			sourceTree = "<group>";
		};
		7B2B68092C0EEFEB0059B493 /* Authentication */ = {
			isa = PBXGroup;
			children = (
				7B2B68762C15C0E20059B493 /* View */,
				7B2B687E2C2204550059B493 /* ViewModel */,
				7B2B68772C15C1130059B493 /* Service */,
			);
			path = Authentication;
			sourceTree = "<group>";
		};
		7B2B680A2C0EEFF30059B493 /* Feed */ = {
			isa = PBXGroup;
			children = (
				7B2B68292C1242480059B493 /* FeedView.swift */,
				7B2B682B2C1242570059B493 /* FeedCell.swift */,
			);
			path = Feed;
			sourceTree = "<group>";
		};
		7B2B680B2C0EEFF70059B493 /* Profile */ = {
			isa = PBXGroup;
			children = (
				7B2B68122C0F02220059B493 /* ProfileView.swift */,
				7B2B68312C138CC00059B493 /* CurrentUserProfileView.swift */,
				7B2B68332C138E960059B493 /* OtherUsersProfileView.swift */,
			);
			path = Profile;
			sourceTree = "<group>";
		};
		7B2B680C2C0EEFFC0059B493 /* Root */ = {
			isa = PBXGroup;
			children = (
				7B2B687A2C1A02590059B493 /* View */,
				7B2B687B2C1A025F0059B493 /* ViewModel */,
			);
			path = Root;
			sourceTree = "<group>";
		};
		7B2B680D2C0EF0030059B493 /* Search */ = {
			isa = PBXGroup;
			children = (
				7B2B682D2C134AF20059B493 /* SearchView.swift */,
			);
			path = Search;
			sourceTree = "<group>";
		};
		7B2B680E2C0EF01D0059B493 /* TabBar */ = {
			isa = PBXGroup;
			children = (
				7B2B68102C0EF92F0059B493 /* MainTabView.swift */,
			);
			path = TabBar;
			sourceTree = "<group>";
		};
		7B2B680F2C0EF0250059B493 /* UploadPost */ = {
			isa = PBXGroup;
			children = (
				7B2B68372C144CE70059B493 /* UploadPostView.swift */,
				7B2B68392C1583E40059B493 /* UploadPostViewModel.swift */,
			);
			path = UploadPost;
			sourceTree = "<group>";
		};
		7B2B68162C0F2C0E0059B493 /* Components */ = {
			isa = PBXGroup;
			children = (
				7B2B68172C0F2D270059B493 /* UserStatView.swift */,
				7B2B68192C0F2FE30059B493 /* ProfilePicView.swift */,
				7B2B681F2C122B5C0059B493 /* IGTextFieldModifier.swift */,
				7B2B68212C122F000059B493 /* IGButtonModifier.swift */,
			);
			path = Components;
			sourceTree = "<group>";
		};
		7B2B68762C15C0E20059B493 /* View */ = {
			isa = PBXGroup;
			children = (
				7B2B681B2C10E0880059B493 /* LoginView.swift */,
				7B2B681D2C1208DD0059B493 /* AddEmailView.swift */,
				7B2B68232C1231390059B493 /* CreateUsername.swift */,
				7B2B68252C123D1E0059B493 /* CreatePassword.swift */,
				7B2B68272C123E1D0059B493 /* CompleteSignUpView.swift */,
			);
			path = View;
			sourceTree = "<group>";
		};
		7B2B68772C15C1130059B493 /* Service */ = {
			isa = PBXGroup;
			children = (
				7B2B68782C15C14B0059B493 /* AuthService.swift */,
			);
			path = Service;
			sourceTree = "<group>";
		};
		7B2B687A2C1A02590059B493 /* View */ = {
			isa = PBXGroup;
			children = (
				7B2B67F72C0EEF630059B493 /* ContentView.swift */,
			);
			path = View;
			sourceTree = "<group>";
		};
		7B2B687B2C1A025F0059B493 /* ViewModel */ = {
			isa = PBXGroup;
			children = (
				7B2B687C2C1A02910059B493 /* ContentViewModel.swift */,
			);
			path = ViewModel;
			sourceTree = "<group>";
		};
		7B2B687E2C2204550059B493 /* ViewModel */ = {
			isa = PBXGroup;
			children = (
				7B2B687F2C2204850059B493 /* RegistrationViewModel.swift */,
				7B92FB1C2C28BD90001CC8ED /* LoginViewModel.swift */,
			);
			path = ViewModel;
			sourceTree = "<group>";
		};
/* End PBXGroup section */

/* Begin PBXNativeTarget section */
		7B2B67F12C0EEF630059B493 /* InstagramClone */ = {
			isa = PBXNativeTarget;
			buildConfigurationList = 7B2B68002C0EEF640059B493 /* Build configuration list for PBXNativeTarget "InstagramClone" */;
			buildPhases = (
				7B2B67EE2C0EEF630059B493 /* Sources */,
				7B2B67EF2C0EEF630059B493 /* Frameworks */,
				7B2B67F02C0EEF630059B493 /* Resources */,
			);
			buildRules = (
			);
			dependencies = (
			);
			name = InstagramClone;
			packageProductDependencies = (
				7B2B683E2C159D480059B493 /* FirebaseAnalytics */,
				7B2B68402C159D490059B493 /* FirebaseAnalyticsOnDeviceConversion */,
				7B2B68422C159D490059B493 /* FirebaseAnalyticsSwift */,
				7B2B68442C159D490059B493 /* FirebaseAnalyticsWithoutAdIdSupport */,
				7B2B68462C159D490059B493 /* FirebaseAppCheck */,
				7B2B68482C159D490059B493 /* FirebaseAppDistribution-Beta */,
				7B2B684A2C159D490059B493 /* FirebaseAuth */,
				7B2B684C2C159D490059B493 /* FirebaseAuthCombine-Community */,
				7B2B684E2C159D490059B493 /* FirebaseCrashlytics */,
				7B2B68502C159D490059B493 /* FirebaseDatabase */,
				7B2B68522C159D490059B493 /* FirebaseDatabaseSwift */,
				7B2B68542C159D490059B493 /* FirebaseDynamicLinks */,
				7B2B68562C159D490059B493 /* FirebaseFirestore */,
				7B2B68582C159D490059B493 /* FirebaseFirestoreCombine-Community */,
				7B2B685A2C159D490059B493 /* FirebaseFirestoreSwift */,
				7B2B685C2C159D490059B493 /* FirebaseFunctions */,
				7B2B685E2C159D490059B493 /* FirebaseFunctionsCombine-Community */,
				7B2B68602C159D490059B493 /* FirebaseInAppMessaging-Beta */,
				7B2B68622C159D490059B493 /* FirebaseInAppMessagingSwift-Beta */,
				7B2B68642C159D490059B493 /* FirebaseInstallations */,
				7B2B68662C159D490059B493 /* FirebaseMLModelDownloader */,
				7B2B68682C159D490059B493 /* FirebaseMessaging */,
				7B2B686A2C159D490059B493 /* FirebasePerformance */,
				7B2B686C2C159D490059B493 /* FirebaseRemoteConfig */,
				7B2B686E2C159D490059B493 /* FirebaseRemoteConfigSwift */,
				7B2B68702C159D490059B493 /* FirebaseStorage */,
				7B2B68722C159D490059B493 /* FirebaseStorageCombine-Community */,
				7B2B68742C159D490059B493 /* FirebaseVertexAI-Preview */,
			);
			productName = InstagramClone;
			productReference = 7B2B67F22C0EEF630059B493 /* InstagramClone.app */;
			productType = "com.apple.product-type.application";
		};
/* End PBXNativeTarget section */

/* Begin PBXProject section */
		7B2B67EA2C0EEF630059B493 /* Project object */ = {
			isa = PBXProject;
			attributes = {
				BuildIndependentTargetsInParallel = 1;
				LastSwiftUpdateCheck = 1540;
				LastUpgradeCheck = 1540;
				TargetAttributes = {
					7B2B67F12C0EEF630059B493 = {
						CreatedOnToolsVersion = 15.4;
					};
				};
			};
			buildConfigurationList = 7B2B67ED2C0EEF630059B493 /* Build configuration list for PBXProject "InstagramClone" */;
			compatibilityVersion = "Xcode 14.0";
			developmentRegion = en;
			hasScannedForEncodings = 0;
			knownRegions = (
				en,
				Base,
			);
			mainGroup = 7B2B67E92C0EEF630059B493;
			packageReferences = (
				7B2B683D2C159C070059B493 /* XCRemoteSwiftPackageReference "firebase-ios-sdk" */,
			);
			productRefGroup = 7B2B67F32C0EEF630059B493 /* Products */;
			projectDirPath = "";
			projectRoot = "";
			targets = (
				7B2B67F12C0EEF630059B493 /* InstagramClone */,
			);
		};
/* End PBXProject section */

/* Begin PBXResourcesBuildPhase section */
		7B2B67F02C0EEF630059B493 /* Resources */ = {
			isa = PBXResourcesBuildPhase;
			buildActionMask = 2147483647;
			files = (
				7B2B67FD2C0EEF640059B493 /* Preview Assets.xcassets in Resources */,
				7B2B67FA2C0EEF640059B493 /* Assets.xcassets in Resources */,
				7B2B683C2C159B2B0059B493 /* GoogleService-Info.plist in Resources */,
			);
			runOnlyForDeploymentPostprocessing = 0;
		};
/* End PBXResourcesBuildPhase section */

/* Begin PBXSourcesBuildPhase section */
		7B2B67EE2C0EEF630059B493 /* Sources */ = {
			isa = PBXSourcesBuildPhase;
			buildActionMask = 2147483647;
			files = (
				7B2B68132C0F02220059B493 /* ProfileView.swift in Sources */,
				7B2B683A2C1583E40059B493 /* UploadPostViewModel.swift in Sources */,
				7B2B68322C138CC00059B493 /* CurrentUserProfileView.swift in Sources */,
				7B2B67F82C0EEF630059B493 /* ContentView.swift in Sources */,
				7B2B68382C144CE70059B493 /* UploadPostView.swift in Sources */,
				7B2B68152C0F05C80059B493 /* UICommon.swift in Sources */,
				7B2B68242C1231390059B493 /* CreateUsername.swift in Sources */,
				7B2B67F62C0EEF630059B493 /* InstagramCloneApp.swift in Sources */,
				7B92FB1D2C28BD90001CC8ED /* LoginViewModel.swift in Sources */,
				7B2B68262C123D1E0059B493 /* CreatePassword.swift in Sources */,
				7B2B68802C2204850059B493 /* RegistrationViewModel.swift in Sources */,
				7B2B687D2C1A02910059B493 /* ContentViewModel.swift in Sources */,
				7B2B682E2C134AF20059B493 /* SearchView.swift in Sources */,
				7B2B681A2C0F2FE30059B493 /* ProfilePicView.swift in Sources */,
				7B2B68282C123E1D0059B493 /* CompleteSignUpView.swift in Sources */,
				7B2B68112C0EF92F0059B493 /* MainTabView.swift in Sources */,
				7B2B681E2C1208DD0059B493 /* AddEmailView.swift in Sources */,
				7B2B68362C1399F90059B493 /* Post.swift in Sources */,
				7B2B68792C15C14B0059B493 /* AuthService.swift in Sources */,
				7B2B682A2C1242480059B493 /* FeedView.swift in Sources */,
				7B2B681C2C10E0880059B493 /* LoginView.swift in Sources */,
				7B2B68342C138E960059B493 /* OtherUsersProfileView.swift in Sources */,
				7B2B68202C122B5C0059B493 /* IGTextFieldModifier.swift in Sources */,
				7B2B68302C1352EF0059B493 /* User.swift in Sources */,
				7B2B682C2C1242570059B493 /* FeedCell.swift in Sources */,
				7B2B68182C0F2D270059B493 /* UserStatView.swift in Sources */,
				7B2B68222C122F000059B493 /* IGButtonModifier.swift in Sources */,
			);
			runOnlyForDeploymentPostprocessing = 0;
		};
/* End PBXSourcesBuildPhase section */

/* Begin XCBuildConfiguration section */
		7B2B67FE2C0EEF640059B493 /* Debug */ = {
			isa = XCBuildConfiguration;
			buildSettings = {
				ALWAYS_SEARCH_USER_PATHS = NO;
				ASSETCATALOG_COMPILER_GENERATE_SWIFT_ASSET_SYMBOL_EXTENSIONS = YES;
				CLANG_ANALYZER_NONNULL = YES;
				CLANG_ANALYZER_NUMBER_OBJECT_CONVERSION = YES_AGGRESSIVE;
				CLANG_CXX_LANGUAGE_STANDARD = "gnu++20";
				CLANG_ENABLE_MODULES = YES;
				CLANG_ENABLE_OBJC_ARC = YES;
				CLANG_ENABLE_OBJC_WEAK = YES;
				CLANG_WARN_BLOCK_CAPTURE_AUTORELEASING = YES;
				CLANG_WARN_BOOL_CONVERSION = YES;
				CLANG_WARN_COMMA = YES;
				CLANG_WARN_CONSTANT_CONVERSION = YES;
				CLANG_WARN_DEPRECATED_OBJC_IMPLEMENTATIONS = YES;
				CLANG_WARN_DIRECT_OBJC_ISA_USAGE = YES_ERROR;
				CLANG_WARN_DOCUMENTATION_COMMENTS = YES;
				CLANG_WARN_EMPTY_BODY = YES;
				CLANG_WARN_ENUM_CONVERSION = YES;
				CLANG_WARN_INFINITE_RECURSION = YES;
				CLANG_WARN_INT_CONVERSION = YES;
				CLANG_WARN_NON_LITERAL_NULL_CONVERSION = YES;
				CLANG_WARN_OBJC_IMPLICIT_RETAIN_SELF = YES;
				CLANG_WARN_OBJC_LITERAL_CONVERSION = YES;
				CLANG_WARN_OBJC_ROOT_CLASS = YES_ERROR;
				CLANG_WARN_QUOTED_INCLUDE_IN_FRAMEWORK_HEADER = YES;
				CLANG_WARN_RANGE_LOOP_ANALYSIS = YES;
				CLANG_WARN_STRICT_PROTOTYPES = YES;
				CLANG_WARN_SUSPICIOUS_MOVE = YES;
				CLANG_WARN_UNGUARDED_AVAILABILITY = YES_AGGRESSIVE;
				CLANG_WARN_UNREACHABLE_CODE = YES;
				CLANG_WARN__DUPLICATE_METHOD_MATCH = YES;
				COPY_PHASE_STRIP = NO;
				DEBUG_INFORMATION_FORMAT = dwarf;
				ENABLE_STRICT_OBJC_MSGSEND = YES;
				ENABLE_TESTABILITY = YES;
				ENABLE_USER_SCRIPT_SANDBOXING = YES;
				GCC_C_LANGUAGE_STANDARD = gnu17;
				GCC_DYNAMIC_NO_PIC = NO;
				GCC_NO_COMMON_BLOCKS = YES;
				GCC_OPTIMIZATION_LEVEL = 0;
				GCC_PREPROCESSOR_DEFINITIONS = (
					"DEBUG=1",
					"$(inherited)",
				);
				GCC_WARN_64_TO_32_BIT_CONVERSION = YES;
				GCC_WARN_ABOUT_RETURN_TYPE = YES_ERROR;
				GCC_WARN_UNDECLARED_SELECTOR = YES;
				GCC_WARN_UNINITIALIZED_AUTOS = YES_AGGRESSIVE;
				GCC_WARN_UNUSED_FUNCTION = YES;
				GCC_WARN_UNUSED_VARIABLE = YES;
				IPHONEOS_DEPLOYMENT_TARGET = 17.5;
				LOCALIZATION_PREFERS_STRING_CATALOGS = YES;
				MTL_ENABLE_DEBUG_INFO = INCLUDE_SOURCE;
				MTL_FAST_MATH = YES;
				ONLY_ACTIVE_ARCH = YES;
				SDKROOT = iphoneos;
				SWIFT_ACTIVE_COMPILATION_CONDITIONS = "DEBUG $(inherited)";
				SWIFT_OPTIMIZATION_LEVEL = "-Onone";
			};
			name = Debug;
		};
		7B2B67FF2C0EEF640059B493 /* Release */ = {
			isa = XCBuildConfiguration;
			buildSettings = {
				ALWAYS_SEARCH_USER_PATHS = NO;
				ASSETCATALOG_COMPILER_GENERATE_SWIFT_ASSET_SYMBOL_EXTENSIONS = YES;
				CLANG_ANALYZER_NONNULL = YES;
				CLANG_ANALYZER_NUMBER_OBJECT_CONVERSION = YES_AGGRESSIVE;
				CLANG_CXX_LANGUAGE_STANDARD = "gnu++20";
				CLANG_ENABLE_MODULES = YES;
				CLANG_ENABLE_OBJC_ARC = YES;
				CLANG_ENABLE_OBJC_WEAK = YES;
				CLANG_WARN_BLOCK_CAPTURE_AUTORELEASING = YES;
				CLANG_WARN_BOOL_CONVERSION = YES;
				CLANG_WARN_COMMA = YES;
				CLANG_WARN_CONSTANT_CONVERSION = YES;
				CLANG_WARN_DEPRECATED_OBJC_IMPLEMENTATIONS = YES;
				CLANG_WARN_DIRECT_OBJC_ISA_USAGE = YES_ERROR;
				CLANG_WARN_DOCUMENTATION_COMMENTS = YES;
				CLANG_WARN_EMPTY_BODY = YES;
				CLANG_WARN_ENUM_CONVERSION = YES;
				CLANG_WARN_INFINITE_RECURSION = YES;
				CLANG_WARN_INT_CONVERSION = YES;
				CLANG_WARN_NON_LITERAL_NULL_CONVERSION = YES;
				CLANG_WARN_OBJC_IMPLICIT_RETAIN_SELF = YES;
				CLANG_WARN_OBJC_LITERAL_CONVERSION = YES;
				CLANG_WARN_OBJC_ROOT_CLASS = YES_ERROR;
				CLANG_WARN_QUOTED_INCLUDE_IN_FRAMEWORK_HEADER = YES;
				CLANG_WARN_RANGE_LOOP_ANALYSIS = YES;
				CLANG_WARN_STRICT_PROTOTYPES = YES;
				CLANG_WARN_SUSPICIOUS_MOVE = YES;
				CLANG_WARN_UNGUARDED_AVAILABILITY = YES_AGGRESSIVE;
				CLANG_WARN_UNREACHABLE_CODE = YES;
				CLANG_WARN__DUPLICATE_METHOD_MATCH = YES;
				COPY_PHASE_STRIP = NO;
				DEBUG_INFORMATION_FORMAT = "dwarf-with-dsym";
				ENABLE_NS_ASSERTIONS = NO;
				ENABLE_STRICT_OBJC_MSGSEND = YES;
				ENABLE_USER_SCRIPT_SANDBOXING = YES;
				GCC_C_LANGUAGE_STANDARD = gnu17;
				GCC_NO_COMMON_BLOCKS = YES;
				GCC_WARN_64_TO_32_BIT_CONVERSION = YES;
				GCC_WARN_ABOUT_RETURN_TYPE = YES_ERROR;
				GCC_WARN_UNDECLARED_SELECTOR = YES;
				GCC_WARN_UNINITIALIZED_AUTOS = YES_AGGRESSIVE;
				GCC_WARN_UNUSED_FUNCTION = YES;
				GCC_WARN_UNUSED_VARIABLE = YES;
				IPHONEOS_DEPLOYMENT_TARGET = 17.5;
				LOCALIZATION_PREFERS_STRING_CATALOGS = YES;
				MTL_ENABLE_DEBUG_INFO = NO;
				MTL_FAST_MATH = YES;
				SDKROOT = iphoneos;
				SWIFT_COMPILATION_MODE = wholemodule;
				VALIDATE_PRODUCT = YES;
			};
			name = Release;
		};
		7B2B68012C0EEF640059B493 /* Debug */ = {
			isa = XCBuildConfiguration;
			buildSettings = {
				ASSETCATALOG_COMPILER_APPICON_NAME = AppIcon;
				ASSETCATALOG_COMPILER_GLOBAL_ACCENT_COLOR_NAME = AccentColor;
				CODE_SIGN_STYLE = Automatic;
				CURRENT_PROJECT_VERSION = 1;
				DEVELOPMENT_ASSET_PATHS = "\"InstagramClone/Preview Content\"";
				DEVELOPMENT_TEAM = 7SVX56GQRH;
				ENABLE_PREVIEWS = YES;
				GENERATE_INFOPLIST_FILE = YES;
				INFOPLIST_KEY_UIApplicationSceneManifest_Generation = YES;
				INFOPLIST_KEY_UIApplicationSupportsIndirectInputEvents = YES;
				INFOPLIST_KEY_UILaunchScreen_Generation = YES;
				INFOPLIST_KEY_UISupportedInterfaceOrientations_iPad = "UIInterfaceOrientationPortrait UIInterfaceOrientationPortraitUpsideDown UIInterfaceOrientationLandscapeLeft UIInterfaceOrientationLandscapeRight";
				INFOPLIST_KEY_UISupportedInterfaceOrientations_iPhone = "UIInterfaceOrientationPortrait UIInterfaceOrientationLandscapeLeft UIInterfaceOrientationLandscapeRight";
				LD_RUNPATH_SEARCH_PATHS = (
					"$(inherited)",
					"@executable_path/Frameworks",
				);
				MARKETING_VERSION = 1.0;
				PRODUCT_BUNDLE_IDENTIFIER = com.instaclone;
				PRODUCT_NAME = "$(TARGET_NAME)";
				SWIFT_EMIT_LOC_STRINGS = YES;
				SWIFT_VERSION = 5.0;
				TARGETED_DEVICE_FAMILY = "1,2";
			};
			name = Debug;
		};
		7B2B68022C0EEF640059B493 /* Release */ = {
			isa = XCBuildConfiguration;
			buildSettings = {
				ASSETCATALOG_COMPILER_APPICON_NAME = AppIcon;
				ASSETCATALOG_COMPILER_GLOBAL_ACCENT_COLOR_NAME = AccentColor;
				CODE_SIGN_STYLE = Automatic;
				CURRENT_PROJECT_VERSION = 1;
				DEVELOPMENT_ASSET_PATHS = "\"InstagramClone/Preview Content\"";
				DEVELOPMENT_TEAM = 7SVX56GQRH;
				ENABLE_PREVIEWS = YES;
				GENERATE_INFOPLIST_FILE = YES;
				INFOPLIST_KEY_UIApplicationSceneManifest_Generation = YES;
				INFOPLIST_KEY_UIApplicationSupportsIndirectInputEvents = YES;
				INFOPLIST_KEY_UILaunchScreen_Generation = YES;
				INFOPLIST_KEY_UISupportedInterfaceOrientations_iPad = "UIInterfaceOrientationPortrait UIInterfaceOrientationPortraitUpsideDown UIInterfaceOrientationLandscapeLeft UIInterfaceOrientationLandscapeRight";
				INFOPLIST_KEY_UISupportedInterfaceOrientations_iPhone = "UIInterfaceOrientationPortrait UIInterfaceOrientationLandscapeLeft UIInterfaceOrientationLandscapeRight";
				LD_RUNPATH_SEARCH_PATHS = (
					"$(inherited)",
					"@executable_path/Frameworks",
				);
				MARKETING_VERSION = 1.0;
				PRODUCT_BUNDLE_IDENTIFIER = com.instaclone;
				PRODUCT_NAME = "$(TARGET_NAME)";
				SWIFT_EMIT_LOC_STRINGS = YES;
				SWIFT_VERSION = 5.0;
				TARGETED_DEVICE_FAMILY = "1,2";
			};
			name = Release;
		};
/* End XCBuildConfiguration section */

/* Begin XCConfigurationList section */
		7B2B67ED2C0EEF630059B493 /* Build configuration list for PBXProject "InstagramClone" */ = {
			isa = XCConfigurationList;
			buildConfigurations = (
				7B2B67FE2C0EEF640059B493 /* Debug */,
				7B2B67FF2C0EEF640059B493 /* Release */,
			);
			defaultConfigurationIsVisible = 0;
			defaultConfigurationName = Release;
		};
		7B2B68002C0EEF640059B493 /* Build configuration list for PBXNativeTarget "InstagramClone" */ = {
			isa = XCConfigurationList;
			buildConfigurations = (
				7B2B68012C0EEF640059B493 /* Debug */,
				7B2B68022C0EEF640059B493 /* Release */,
			);
			defaultConfigurationIsVisible = 0;
			defaultConfigurationName = Release;
		};
/* End XCConfigurationList section */

/* Begin XCRemoteSwiftPackageReference section */
		7B2B683D2C159C070059B493 /* XCRemoteSwiftPackageReference "firebase-ios-sdk" */ = {
			isa = XCRemoteSwiftPackageReference;
			repositoryURL = "https://github.com/firebase/firebase-ios-sdk";
			requirement = {
				kind = upToNextMajorVersion;
				minimumVersion = 10.27.0;
			};
		};
/* End XCRemoteSwiftPackageReference section */

/* Begin XCSwiftPackageProductDependency section */
		7B2B683E2C159D480059B493 /* FirebaseAnalytics */ = {
			isa = XCSwiftPackageProductDependency;
			package = 7B2B683D2C159C070059B493 /* XCRemoteSwiftPackageReference "firebase-ios-sdk" */;
			productName = FirebaseAnalytics;
		};
		7B2B68402C159D490059B493 /* FirebaseAnalyticsOnDeviceConversion */ = {
			isa = XCSwiftPackageProductDependency;
			package = 7B2B683D2C159C070059B493 /* XCRemoteSwiftPackageReference "firebase-ios-sdk" */;
			productName = FirebaseAnalyticsOnDeviceConversion;
		};
		7B2B68422C159D490059B493 /* FirebaseAnalyticsSwift */ = {
			isa = XCSwiftPackageProductDependency;
			package = 7B2B683D2C159C070059B493 /* XCRemoteSwiftPackageReference "firebase-ios-sdk" */;
			productName = FirebaseAnalyticsSwift;
		};
		7B2B68442C159D490059B493 /* FirebaseAnalyticsWithoutAdIdSupport */ = {
			isa = XCSwiftPackageProductDependency;
			package = 7B2B683D2C159C070059B493 /* XCRemoteSwiftPackageReference "firebase-ios-sdk" */;
			productName = FirebaseAnalyticsWithoutAdIdSupport;
		};
		7B2B68462C159D490059B493 /* FirebaseAppCheck */ = {
			isa = XCSwiftPackageProductDependency;
			package = 7B2B683D2C159C070059B493 /* XCRemoteSwiftPackageReference "firebase-ios-sdk" */;
			productName = FirebaseAppCheck;
		};
		7B2B68482C159D490059B493 /* FirebaseAppDistribution-Beta */ = {
			isa = XCSwiftPackageProductDependency;
			package = 7B2B683D2C159C070059B493 /* XCRemoteSwiftPackageReference "firebase-ios-sdk" */;
			productName = "FirebaseAppDistribution-Beta";
		};
		7B2B684A2C159D490059B493 /* FirebaseAuth */ = {
			isa = XCSwiftPackageProductDependency;
			package = 7B2B683D2C159C070059B493 /* XCRemoteSwiftPackageReference "firebase-ios-sdk" */;
			productName = FirebaseAuth;
		};
		7B2B684C2C159D490059B493 /* FirebaseAuthCombine-Community */ = {
			isa = XCSwiftPackageProductDependency;
			package = 7B2B683D2C159C070059B493 /* XCRemoteSwiftPackageReference "firebase-ios-sdk" */;
			productName = "FirebaseAuthCombine-Community";
		};
		7B2B684E2C159D490059B493 /* FirebaseCrashlytics */ = {
			isa = XCSwiftPackageProductDependency;
			package = 7B2B683D2C159C070059B493 /* XCRemoteSwiftPackageReference "firebase-ios-sdk" */;
			productName = FirebaseCrashlytics;
		};
		7B2B68502C159D490059B493 /* FirebaseDatabase */ = {
			isa = XCSwiftPackageProductDependency;
			package = 7B2B683D2C159C070059B493 /* XCRemoteSwiftPackageReference "firebase-ios-sdk" */;
			productName = FirebaseDatabase;
		};
		7B2B68522C159D490059B493 /* FirebaseDatabaseSwift */ = {
			isa = XCSwiftPackageProductDependency;
			package = 7B2B683D2C159C070059B493 /* XCRemoteSwiftPackageReference "firebase-ios-sdk" */;
			productName = FirebaseDatabaseSwift;
		};
		7B2B68542C159D490059B493 /* FirebaseDynamicLinks */ = {
			isa = XCSwiftPackageProductDependency;
			package = 7B2B683D2C159C070059B493 /* XCRemoteSwiftPackageReference "firebase-ios-sdk" */;
			productName = FirebaseDynamicLinks;
		};
		7B2B68562C159D490059B493 /* FirebaseFirestore */ = {
			isa = XCSwiftPackageProductDependency;
			package = 7B2B683D2C159C070059B493 /* XCRemoteSwiftPackageReference "firebase-ios-sdk" */;
			productName = FirebaseFirestore;
		};
		7B2B68582C159D490059B493 /* FirebaseFirestoreCombine-Community */ = {
			isa = XCSwiftPackageProductDependency;
			package = 7B2B683D2C159C070059B493 /* XCRemoteSwiftPackageReference "firebase-ios-sdk" */;
			productName = "FirebaseFirestoreCombine-Community";
		};
		7B2B685A2C159D490059B493 /* FirebaseFirestoreSwift */ = {
			isa = XCSwiftPackageProductDependency;
			package = 7B2B683D2C159C070059B493 /* XCRemoteSwiftPackageReference "firebase-ios-sdk" */;
			productName = FirebaseFirestoreSwift;
		};
		7B2B685C2C159D490059B493 /* FirebaseFunctions */ = {
			isa = XCSwiftPackageProductDependency;
			package = 7B2B683D2C159C070059B493 /* XCRemoteSwiftPackageReference "firebase-ios-sdk" */;
			productName = FirebaseFunctions;
		};
		7B2B685E2C159D490059B493 /* FirebaseFunctionsCombine-Community */ = {
			isa = XCSwiftPackageProductDependency;
			package = 7B2B683D2C159C070059B493 /* XCRemoteSwiftPackageReference "firebase-ios-sdk" */;
			productName = "FirebaseFunctionsCombine-Community";
		};
		7B2B68602C159D490059B493 /* FirebaseInAppMessaging-Beta */ = {
			isa = XCSwiftPackageProductDependency;
			package = 7B2B683D2C159C070059B493 /* XCRemoteSwiftPackageReference "firebase-ios-sdk" */;
			productName = "FirebaseInAppMessaging-Beta";
		};
		7B2B68622C159D490059B493 /* FirebaseInAppMessagingSwift-Beta */ = {
			isa = XCSwiftPackageProductDependency;
			package = 7B2B683D2C159C070059B493 /* XCRemoteSwiftPackageReference "firebase-ios-sdk" */;
			productName = "FirebaseInAppMessagingSwift-Beta";
		};
		7B2B68642C159D490059B493 /* FirebaseInstallations */ = {
			isa = XCSwiftPackageProductDependency;
			package = 7B2B683D2C159C070059B493 /* XCRemoteSwiftPackageReference "firebase-ios-sdk" */;
			productName = FirebaseInstallations;
		};
		7B2B68662C159D490059B493 /* FirebaseMLModelDownloader */ = {
			isa = XCSwiftPackageProductDependency;
			package = 7B2B683D2C159C070059B493 /* XCRemoteSwiftPackageReference "firebase-ios-sdk" */;
			productName = FirebaseMLModelDownloader;
		};
		7B2B68682C159D490059B493 /* FirebaseMessaging */ = {
			isa = XCSwiftPackageProductDependency;
			package = 7B2B683D2C159C070059B493 /* XCRemoteSwiftPackageReference "firebase-ios-sdk" */;
			productName = FirebaseMessaging;
		};
		7B2B686A2C159D490059B493 /* FirebasePerformance */ = {
			isa = XCSwiftPackageProductDependency;
			package = 7B2B683D2C159C070059B493 /* XCRemoteSwiftPackageReference "firebase-ios-sdk" */;
			productName = FirebasePerformance;
		};
		7B2B686C2C159D490059B493 /* FirebaseRemoteConfig */ = {
			isa = XCSwiftPackageProductDependency;
			package = 7B2B683D2C159C070059B493 /* XCRemoteSwiftPackageReference "firebase-ios-sdk" */;
			productName = FirebaseRemoteConfig;
		};
		7B2B686E2C159D490059B493 /* FirebaseRemoteConfigSwift */ = {
			isa = XCSwiftPackageProductDependency;
			package = 7B2B683D2C159C070059B493 /* XCRemoteSwiftPackageReference "firebase-ios-sdk" */;
			productName = FirebaseRemoteConfigSwift;
		};
		7B2B68702C159D490059B493 /* FirebaseStorage */ = {
			isa = XCSwiftPackageProductDependency;
			package = 7B2B683D2C159C070059B493 /* XCRemoteSwiftPackageReference "firebase-ios-sdk" */;
			productName = FirebaseStorage;
		};
		7B2B68722C159D490059B493 /* FirebaseStorageCombine-Community */ = {
			isa = XCSwiftPackageProductDependency;
			package = 7B2B683D2C159C070059B493 /* XCRemoteSwiftPackageReference "firebase-ios-sdk" */;
			productName = "FirebaseStorageCombine-Community";
		};
		7B2B68742C159D490059B493 /* FirebaseVertexAI-Preview */ = {
			isa = XCSwiftPackageProductDependency;
			package = 7B2B683D2C159C070059B493 /* XCRemoteSwiftPackageReference "firebase-ios-sdk" */;
			productName = "FirebaseVertexAI-Preview";
		};
/* End XCSwiftPackageProductDependency section */
	};
	rootObject = 7B2B67EA2C0EEF630059B493 /* Project object */;
}
