// !$*UTF8*$!
{
	archiveVersion = 1;
	classes = {
	};
	objectVersion = 56;
	objects = {

/* Begin PBXBuildFile section */
		7BABF74A2B052B2D009E1D03 /* FeedView.swift in Sources */ = {isa = PBXBuildFile; fileRef = 7BABF7492B052B2D009E1D03 /* FeedView.swift */; };
		7BABF74C2B052B3A009E1D03 /* FeedCellView.swift in Sources */ = {isa = PBXBuildFile; fileRef = 7BABF74B2B052B3A009E1D03 /* FeedCellView.swift */; };
		7BADFBA82B038E02001185BD /* InstagramCloneApp.swift in Sources */ = {isa = PBXBuildFile; fileRef = 7BADFBA72B038E02001185BD /* InstagramCloneApp.swift */; };
		7BADFBAA2B038E02001185BD /* ContentView.swift in Sources */ = {isa = PBXBuildFile; fileRef = 7BADFBA92B038E02001185BD /* ContentView.swift */; };
		7BADFBAC2B038E06001185BD /* Assets.xcassets in Resources */ = {isa = PBXBuildFile; fileRef = 7BADFBAB2B038E06001185BD /* Assets.xcassets */; };
		7BADFBAF2B038E06001185BD /* Preview Assets.xcassets in Resources */ = {isa = PBXBuildFile; fileRef = 7BADFBAE2B038E06001185BD /* Preview Assets.xcassets */; };
		7BADFBC22B039F0F001185BD /* MainTabview.swift in Sources */ = {isa = PBXBuildFile; fileRef = 7BADFBC12B039F0F001185BD /* MainTabview.swift */; };
		7BADFBC42B039F97001185BD /* ProfileView.swift in Sources */ = {isa = PBXBuildFile; fileRef = 7BADFBC32B039F97001185BD /* ProfileView.swift */; };
		7BADFBC72B03DE4E001185BD /* UserStatView.swift in Sources */ = {isa = PBXBuildFile; fileRef = 7BADFBC62B03DE4E001185BD /* UserStatView.swift */; };
		7BADFBC92B03DF66001185BD /* INButton.swift in Sources */ = {isa = PBXBuildFile; fileRef = 7BADFBC82B03DF66001185BD /* INButton.swift */; };
		7BC8E0C02B0D0E5D00409D4D /* LoginView.swift in Sources */ = {isa = PBXBuildFile; fileRef = 7BC8E0BF2B0D0E5D00409D4D /* LoginView.swift */; };
		7BC8E0C22B0D2B8A00409D4D /* AddEmailView.swift in Sources */ = {isa = PBXBuildFile; fileRef = 7BC8E0C12B0D2B8A00409D4D /* AddEmailView.swift */; };
		7BC8E0C62B0D353800409D4D /* INTextFieldModifier.swift in Sources */ = {isa = PBXBuildFile; fileRef = 7BC8E0C52B0D353800409D4D /* INTextFieldModifier.swift */; };
		7BC8E0C82B0D37EA00409D4D /* CreateUsernameView.swift in Sources */ = {isa = PBXBuildFile; fileRef = 7BC8E0C72B0D37EA00409D4D /* CreateUsernameView.swift */; };
		7BC8E0CA2B0D3AC800409D4D /* CreatePassword.swift in Sources */ = {isa = PBXBuildFile; fileRef = 7BC8E0C92B0D3AC800409D4D /* CreatePassword.swift */; };
		7BC8E0CC2B0D3C4400409D4D /* CompleteSignUpView.swift in Sources */ = {isa = PBXBuildFile; fileRef = 7BC8E0CB2B0D3C4400409D4D /* CompleteSignUpView.swift */; };
/* End PBXBuildFile section */

/* Begin PBXFileReference section */
		7BABF7492B052B2D009E1D03 /* FeedView.swift */ = {isa = PBXFileReference; lastKnownFileType = sourcecode.swift; path = FeedView.swift; sourceTree = "<group>"; };
		7BABF74B2B052B3A009E1D03 /* FeedCellView.swift */ = {isa = PBXFileReference; lastKnownFileType = sourcecode.swift; path = FeedCellView.swift; sourceTree = "<group>"; };
		7BADFBA42B038E02001185BD /* InstagramClone.app */ = {isa = PBXFileReference; explicitFileType = wrapper.application; includeInIndex = 0; path = InstagramClone.app; sourceTree = BUILT_PRODUCTS_DIR; };
		7BADFBA72B038E02001185BD /* InstagramCloneApp.swift */ = {isa = PBXFileReference; lastKnownFileType = sourcecode.swift; path = InstagramCloneApp.swift; sourceTree = "<group>"; };
		7BADFBA92B038E02001185BD /* ContentView.swift */ = {isa = PBXFileReference; lastKnownFileType = sourcecode.swift; path = ContentView.swift; sourceTree = "<group>"; };
		7BADFBAB2B038E06001185BD /* Assets.xcassets */ = {isa = PBXFileReference; lastKnownFileType = folder.assetcatalog; path = Assets.xcassets; sourceTree = "<group>"; };
		7BADFBAE2B038E06001185BD /* Preview Assets.xcassets */ = {isa = PBXFileReference; lastKnownFileType = folder.assetcatalog; path = "Preview Assets.xcassets"; sourceTree = "<group>"; };
		7BADFBC12B039F0F001185BD /* MainTabview.swift */ = {isa = PBXFileReference; lastKnownFileType = sourcecode.swift; path = MainTabview.swift; sourceTree = "<group>"; };
		7BADFBC32B039F97001185BD /* ProfileView.swift */ = {isa = PBXFileReference; lastKnownFileType = sourcecode.swift; path = ProfileView.swift; sourceTree = "<group>"; };
		7BADFBC62B03DE4E001185BD /* UserStatView.swift */ = {isa = PBXFileReference; lastKnownFileType = sourcecode.swift; path = UserStatView.swift; sourceTree = "<group>"; };
		7BADFBC82B03DF66001185BD /* INButton.swift */ = {isa = PBXFileReference; lastKnownFileType = sourcecode.swift; path = INButton.swift; sourceTree = "<group>"; };
		7BC8E0BF2B0D0E5D00409D4D /* LoginView.swift */ = {isa = PBXFileReference; lastKnownFileType = sourcecode.swift; path = LoginView.swift; sourceTree = "<group>"; };
		7BC8E0C12B0D2B8A00409D4D /* AddEmailView.swift */ = {isa = PBXFileReference; lastKnownFileType = sourcecode.swift; path = AddEmailView.swift; sourceTree = "<group>"; };
		7BC8E0C52B0D353800409D4D /* INTextFieldModifier.swift */ = {isa = PBXFileReference; lastKnownFileType = sourcecode.swift; path = INTextFieldModifier.swift; sourceTree = "<group>"; };
		7BC8E0C72B0D37EA00409D4D /* CreateUsernameView.swift */ = {isa = PBXFileReference; lastKnownFileType = sourcecode.swift; path = CreateUsernameView.swift; sourceTree = "<group>"; };
		7BC8E0C92B0D3AC800409D4D /* CreatePassword.swift */ = {isa = PBXFileReference; lastKnownFileType = sourcecode.swift; path = CreatePassword.swift; sourceTree = "<group>"; };
		7BC8E0CB2B0D3C4400409D4D /* CompleteSignUpView.swift */ = {isa = PBXFileReference; lastKnownFileType = sourcecode.swift; path = CompleteSignUpView.swift; sourceTree = "<group>"; };
/* End PBXFileReference section */

/* Begin PBXFrameworksBuildPhase section */
		7BADFBA12B038E02001185BD /* Frameworks */ = {
			isa = PBXFrameworksBuildPhase;
			buildActionMask = 2147483647;
			files = (
			);
			runOnlyForDeploymentPostprocessing = 0;
		};
/* End PBXFrameworksBuildPhase section */

/* Begin PBXGroup section */
		7BADFB9B2B038E02001185BD = {
			isa = PBXGroup;
			children = (
				7BADFBA62B038E02001185BD /* InstagramClone */,
				7BADFBA52B038E02001185BD /* Products */,
			);
			sourceTree = "<group>";
		};
		7BADFBA52B038E02001185BD /* Products */ = {
			isa = PBXGroup;
			children = (
				7BADFBA42B038E02001185BD /* InstagramClone.app */,
			);
			name = Products;
			sourceTree = "<group>";
		};
		7BADFBA62B038E02001185BD /* InstagramClone */ = {
			isa = PBXGroup;
			children = (
				7BADFBB92B03937B001185BD /* App */,
				7BADFBB82B039379001185BD /* Core */,
				7BADFBB72B039377001185BD /* Extensions */,
				7BADFBB62B039375001185BD /* Model */,
				7BADFBB52B039370001185BD /* Services */,
				7BADFBA92B038E02001185BD /* ContentView.swift */,
				7BADFBAB2B038E06001185BD /* Assets.xcassets */,
				7BADFBAD2B038E06001185BD /* Preview Content */,
			);
			path = InstagramClone;
			sourceTree = "<group>";
		};
		7BADFBAD2B038E06001185BD /* Preview Content */ = {
			isa = PBXGroup;
			children = (
				7BADFBAE2B038E06001185BD /* Preview Assets.xcassets */,
			);
			path = "Preview Content";
			sourceTree = "<group>";
		};
		7BADFBB52B039370001185BD /* Services */ = {
			isa = PBXGroup;
			children = (
			);
			path = Services;
			sourceTree = "<group>";
		};
		7BADFBB62B039375001185BD /* Model */ = {
			isa = PBXGroup;
			children = (
			);
			path = Model;
			sourceTree = "<group>";
		};
		7BADFBB72B039377001185BD /* Extensions */ = {
			isa = PBXGroup;
			children = (
			);
			path = Extensions;
			sourceTree = "<group>";
		};
		7BADFBB82B039379001185BD /* Core */ = {
			isa = PBXGroup;
			children = (
				7BADFBBB2B0393E7001185BD /* Authentication */,
				7BADFBC52B03DDF8001185BD /* Components */,
				7BADFBBA2B0393C9001185BD /* Feed */,
				7BADFBBE2B0393FF001185BD /* Profile */,
				7BADFBBD2B0393FB001185BD /* Root */,
				7BADFBBC2B0393EE001185BD /* Search */,
				7BADFBBF2B039424001185BD /* TabBar */,
				7BADFBC02B03942B001185BD /* UploadPost */,
			);
			path = Core;
			sourceTree = "<group>";
		};
		7BADFBB92B03937B001185BD /* App */ = {
			isa = PBXGroup;
			children = (
				7BADFBA72B038E02001185BD /* InstagramCloneApp.swift */,
			);
			path = App;
			sourceTree = "<group>";
		};
		7BADFBBA2B0393C9001185BD /* Feed */ = {
			isa = PBXGroup;
			children = (
				7BABF7492B052B2D009E1D03 /* FeedView.swift */,
				7BABF74B2B052B3A009E1D03 /* FeedCellView.swift */,
			);
			path = Feed;
			sourceTree = "<group>";
		};
		7BADFBBB2B0393E7001185BD /* Authentication */ = {
			isa = PBXGroup;
			children = (
				7BC8E0BF2B0D0E5D00409D4D /* LoginView.swift */,
				7BC8E0C12B0D2B8A00409D4D /* AddEmailView.swift */,
				7BC8E0C72B0D37EA00409D4D /* CreateUsernameView.swift */,
				7BC8E0C92B0D3AC800409D4D /* CreatePassword.swift */,
				7BC8E0CB2B0D3C4400409D4D /* CompleteSignUpView.swift */,
			);
			path = Authentication;
			sourceTree = "<group>";
		};
		7BADFBBC2B0393EE001185BD /* Search */ = {
			isa = PBXGroup;
			children = (
			);
			path = Search;
			sourceTree = "<group>";
		};
		7BADFBBD2B0393FB001185BD /* Root */ = {
			isa = PBXGroup;
			children = (
			);
			path = Root;
			sourceTree = "<group>";
		};
		7BADFBBE2B0393FF001185BD /* Profile */ = {
			isa = PBXGroup;
			children = (
				7BADFBC32B039F97001185BD /* ProfileView.swift */,
			);
			path = Profile;
			sourceTree = "<group>";
		};
		7BADFBBF2B039424001185BD /* TabBar */ = {
			isa = PBXGroup;
			children = (
				7BADFBC12B039F0F001185BD /* MainTabview.swift */,
			);
			path = TabBar;
			sourceTree = "<group>";
		};
		7BADFBC02B03942B001185BD /* UploadPost */ = {
			isa = PBXGroup;
			children = (
			);
			path = UploadPost;
			sourceTree = "<group>";
		};
		7BADFBC52B03DDF8001185BD /* Components */ = {
			isa = PBXGroup;
			children = (
				7BADFBC62B03DE4E001185BD /* UserStatView.swift */,
				7BADFBC82B03DF66001185BD /* INButton.swift */,
				7BC8E0C52B0D353800409D4D /* INTextFieldModifier.swift */,
			);
			path = Components;
			sourceTree = "<group>";
		};
/* End PBXGroup section */

/* Begin PBXNativeTarget section */
		7BADFBA32B038E02001185BD /* InstagramClone */ = {
			isa = PBXNativeTarget;
			buildConfigurationList = 7BADFBB22B038E06001185BD /* Build configuration list for PBXNativeTarget "InstagramClone" */;
			buildPhases = (
				7BADFBA02B038E02001185BD /* Sources */,
				7BADFBA12B038E02001185BD /* Frameworks */,
				7BADFBA22B038E02001185BD /* Resources */,
			);
			buildRules = (
			);
			dependencies = (
			);
			name = InstagramClone;
			productName = InstagramClone;
			productReference = 7BADFBA42B038E02001185BD /* InstagramClone.app */;
			productType = "com.apple.product-type.application";
		};
/* End PBXNativeTarget section */

/* Begin PBXProject section */
		7BADFB9C2B038E02001185BD /* Project object */ = {
			isa = PBXProject;
			attributes = {
				BuildIndependentTargetsInParallel = 1;
				LastSwiftUpdateCheck = 1500;
				LastUpgradeCheck = 1500;
				TargetAttributes = {
					7BADFBA32B038E02001185BD = {
						CreatedOnToolsVersion = 15.0.1;
					};
				};
			};
			buildConfigurationList = 7BADFB9F2B038E02001185BD /* Build configuration list for PBXProject "InstagramClone" */;
			compatibilityVersion = "Xcode 14.0";
			developmentRegion = en;
			hasScannedForEncodings = 0;
			knownRegions = (
				en,
				Base,
			);
			mainGroup = 7BADFB9B2B038E02001185BD;
			productRefGroup = 7BADFBA52B038E02001185BD /* Products */;
			projectDirPath = "";
			projectRoot = "";
			targets = (
				7BADFBA32B038E02001185BD /* InstagramClone */,
			);
		};
/* End PBXProject section */

/* Begin PBXResourcesBuildPhase section */
		7BADFBA22B038E02001185BD /* Resources */ = {
			isa = PBXResourcesBuildPhase;
			buildActionMask = 2147483647;
			files = (
				7BADFBAF2B038E06001185BD /* Preview Assets.xcassets in Resources */,
				7BADFBAC2B038E06001185BD /* Assets.xcassets in Resources */,
			);
			runOnlyForDeploymentPostprocessing = 0;
		};
/* End PBXResourcesBuildPhase section */

/* Begin PBXSourcesBuildPhase section */
		7BADFBA02B038E02001185BD /* Sources */ = {
			isa = PBXSourcesBuildPhase;
			buildActionMask = 2147483647;
			files = (
				7BABF74A2B052B2D009E1D03 /* FeedView.swift in Sources */,
				7BADFBC92B03DF66001185BD /* INButton.swift in Sources */,
				7BADFBC42B039F97001185BD /* ProfileView.swift in Sources */,
				7BC8E0C02B0D0E5D00409D4D /* LoginView.swift in Sources */,
				7BADFBAA2B038E02001185BD /* ContentView.swift in Sources */,
				7BC8E0CA2B0D3AC800409D4D /* CreatePassword.swift in Sources */,
				7BC8E0C62B0D353800409D4D /* INTextFieldModifier.swift in Sources */,
				7BC8E0CC2B0D3C4400409D4D /* CompleteSignUpView.swift in Sources */,
				7BC8E0C82B0D37EA00409D4D /* CreateUsernameView.swift in Sources */,
				7BC8E0C22B0D2B8A00409D4D /* AddEmailView.swift in Sources */,
				7BABF74C2B052B3A009E1D03 /* FeedCellView.swift in Sources */,
				7BADFBA82B038E02001185BD /* InstagramCloneApp.swift in Sources */,
				7BADFBC72B03DE4E001185BD /* UserStatView.swift in Sources */,
				7BADFBC22B039F0F001185BD /* MainTabview.swift in Sources */,
			);
			runOnlyForDeploymentPostprocessing = 0;
		};
/* End PBXSourcesBuildPhase section */

/* Begin XCBuildConfiguration section */
		7BADFBB02B038E06001185BD /* Debug */ = {
			isa = XCBuildConfiguration;
			buildSettings = {
				ALWAYS_SEARCH_USER_PATHS = NO;
				ASSETCATALOG_COMPILER_GENERATE_SWIFT_ASSET_SYMBOL_EXTENSIONS = YES;
				CLANG_ANALYZER_NONNULL = YES;
				CLANG_ANALYZER_NUMBER_OBJECT_CONVERSION = YES_AGGRESSIVE;
				CLANG_CXX_LANGUAGE_STANDARD = "gnu++20";
				CLANG_ENABLE_MODULES = YES;
				CLANG_ENABLE_OBJC_ARC = YES;
				CLANG_ENABLE_OBJC_WEAK = YES;
				CLANG_WARN_BLOCK_CAPTURE_AUTORELEASING = YES;
				CLANG_WARN_BOOL_CONVERSION = YES;
				CLANG_WARN_COMMA = YES;
				CLANG_WARN_CONSTANT_CONVERSION = YES;
				CLANG_WARN_DEPRECATED_OBJC_IMPLEMENTATIONS = YES;
				CLANG_WARN_DIRECT_OBJC_ISA_USAGE = YES_ERROR;
				CLANG_WARN_DOCUMENTATION_COMMENTS = YES;
				CLANG_WARN_EMPTY_BODY = YES;
				CLANG_WARN_ENUM_CONVERSION = YES;
				CLANG_WARN_INFINITE_RECURSION = YES;
				CLANG_WARN_INT_CONVERSION = YES;
				CLANG_WARN_NON_LITERAL_NULL_CONVERSION = YES;
				CLANG_WARN_OBJC_IMPLICIT_RETAIN_SELF = YES;
				CLANG_WARN_OBJC_LITERAL_CONVERSION = YES;
				CLANG_WARN_OBJC_ROOT_CLASS = YES_ERROR;
				CLANG_WARN_QUOTED_INCLUDE_IN_FRAMEWORK_HEADER = YES;
				CLANG_WARN_RANGE_LOOP_ANALYSIS = YES;
				CLANG_WARN_STRICT_PROTOTYPES = YES;
				CLANG_WARN_SUSPICIOUS_MOVE = YES;
				CLANG_WARN_UNGUARDED_AVAILABILITY = YES_AGGRESSIVE;
				CLANG_WARN_UNREACHABLE_CODE = YES;
				CLANG_WARN__DUPLICATE_METHOD_MATCH = YES;
				COPY_PHASE_STRIP = NO;
				DEBUG_INFORMATION_FORMAT = dwarf;
				ENABLE_STRICT_OBJC_MSGSEND = YES;
				ENABLE_TESTABILITY = YES;
				ENABLE_USER_SCRIPT_SANDBOXING = YES;
				GCC_C_LANGUAGE_STANDARD = gnu17;
				GCC_DYNAMIC_NO_PIC = NO;
				GCC_NO_COMMON_BLOCKS = YES;
				GCC_OPTIMIZATION_LEVEL = 0;
				GCC_PREPROCESSOR_DEFINITIONS = (
					"DEBUG=1",
					"$(inherited)",
				);
				GCC_WARN_64_TO_32_BIT_CONVERSION = YES;
				GCC_WARN_ABOUT_RETURN_TYPE = YES_ERROR;
				GCC_WARN_UNDECLARED_SELECTOR = YES;
				GCC_WARN_UNINITIALIZED_AUTOS = YES_AGGRESSIVE;
				GCC_WARN_UNUSED_FUNCTION = YES;
				GCC_WARN_UNUSED_VARIABLE = YES;
				IPHONEOS_DEPLOYMENT_TARGET = 17.0;
				LOCALIZATION_PREFERS_STRING_CATALOGS = YES;
				MTL_ENABLE_DEBUG_INFO = INCLUDE_SOURCE;
				MTL_FAST_MATH = YES;
				ONLY_ACTIVE_ARCH = YES;
				SDKROOT = iphoneos;
				SWIFT_ACTIVE_COMPILATION_CONDITIONS = "DEBUG $(inherited)";
				SWIFT_OPTIMIZATION_LEVEL = "-Onone";
			};
			name = Debug;
		};
		7BADFBB12B038E06001185BD /* Release */ = {
			isa = XCBuildConfiguration;
			buildSettings = {
				ALWAYS_SEARCH_USER_PATHS = NO;
				ASSETCATALOG_COMPILER_GENERATE_SWIFT_ASSET_SYMBOL_EXTENSIONS = YES;
				CLANG_ANALYZER_NONNULL = YES;
				CLANG_ANALYZER_NUMBER_OBJECT_CONVERSION = YES_AGGRESSIVE;
				CLANG_CXX_LANGUAGE_STANDARD = "gnu++20";
				CLANG_ENABLE_MODULES = YES;
				CLANG_ENABLE_OBJC_ARC = YES;
				CLANG_ENABLE_OBJC_WEAK = YES;
				CLANG_WARN_BLOCK_CAPTURE_AUTORELEASING = YES;
				CLANG_WARN_BOOL_CONVERSION = YES;
				CLANG_WARN_COMMA = YES;
				CLANG_WARN_CONSTANT_CONVERSION = YES;
				CLANG_WARN_DEPRECATED_OBJC_IMPLEMENTATIONS = YES;
				CLANG_WARN_DIRECT_OBJC_ISA_USAGE = YES_ERROR;
				CLANG_WARN_DOCUMENTATION_COMMENTS = YES;
				CLANG_WARN_EMPTY_BODY = YES;
				CLANG_WARN_ENUM_CONVERSION = YES;
				CLANG_WARN_INFINITE_RECURSION = YES;
				CLANG_WARN_INT_CONVERSION = YES;
				CLANG_WARN_NON_LITERAL_NULL_CONVERSION = YES;
				CLANG_WARN_OBJC_IMPLICIT_RETAIN_SELF = YES;
				CLANG_WARN_OBJC_LITERAL_CONVERSION = YES;
				CLANG_WARN_OBJC_ROOT_CLASS = YES_ERROR;
				CLANG_WARN_QUOTED_INCLUDE_IN_FRAMEWORK_HEADER = YES;
				CLANG_WARN_RANGE_LOOP_ANALYSIS = YES;
				CLANG_WARN_STRICT_PROTOTYPES = YES;
				CLANG_WARN_SUSPICIOUS_MOVE = YES;
				CLANG_WARN_UNGUARDED_AVAILABILITY = YES_AGGRESSIVE;
				CLANG_WARN_UNREACHABLE_CODE = YES;
				CLANG_WARN__DUPLICATE_METHOD_MATCH = YES;
				COPY_PHASE_STRIP = NO;
				DEBUG_INFORMATION_FORMAT = "dwarf-with-dsym";
				ENABLE_NS_ASSERTIONS = NO;
				ENABLE_STRICT_OBJC_MSGSEND = YES;
				ENABLE_USER_SCRIPT_SANDBOXING = YES;
				GCC_C_LANGUAGE_STANDARD = gnu17;
				GCC_NO_COMMON_BLOCKS = YES;
				GCC_WARN_64_TO_32_BIT_CONVERSION = YES;
				GCC_WARN_ABOUT_RETURN_TYPE = YES_ERROR;
				GCC_WARN_UNDECLARED_SELECTOR = YES;
				GCC_WARN_UNINITIALIZED_AUTOS = YES_AGGRESSIVE;
				GCC_WARN_UNUSED_FUNCTION = YES;
				GCC_WARN_UNUSED_VARIABLE = YES;
				IPHONEOS_DEPLOYMENT_TARGET = 17.0;
				LOCALIZATION_PREFERS_STRING_CATALOGS = YES;
				MTL_ENABLE_DEBUG_INFO = NO;
				MTL_FAST_MATH = YES;
				SDKROOT = iphoneos;
				SWIFT_COMPILATION_MODE = wholemodule;
				VALIDATE_PRODUCT = YES;
			};
			name = Release;
		};
		7BADFBB32B038E06001185BD /* Debug */ = {
			isa = XCBuildConfiguration;
			buildSettings = {
				ASSETCATALOG_COMPILER_APPICON_NAME = AppIcon;
				ASSETCATALOG_COMPILER_GLOBAL_ACCENT_COLOR_NAME = AccentColor;
				CODE_SIGN_STYLE = Automatic;
				CURRENT_PROJECT_VERSION = 1;
				DEVELOPMENT_ASSET_PATHS = "\"InstagramClone/Preview Content\"";
				DEVELOPMENT_TEAM = 7SVX56GQRH;
				ENABLE_PREVIEWS = YES;
				GENERATE_INFOPLIST_FILE = YES;
				INFOPLIST_KEY_UIApplicationSceneManifest_Generation = YES;
				INFOPLIST_KEY_UIApplicationSupportsIndirectInputEvents = YES;
				INFOPLIST_KEY_UILaunchScreen_Generation = YES;
				INFOPLIST_KEY_UISupportedInterfaceOrientations_iPad = "UIInterfaceOrientationPortrait UIInterfaceOrientationPortraitUpsideDown UIInterfaceOrientationLandscapeLeft UIInterfaceOrientationLandscapeRight";
				INFOPLIST_KEY_UISupportedInterfaceOrientations_iPhone = "UIInterfaceOrientationPortrait UIInterfaceOrientationLandscapeLeft UIInterfaceOrientationLandscapeRight";
				LD_RUNPATH_SEARCH_PATHS = (
					"$(inherited)",
					"@executable_path/Frameworks",
				);
				MARKETING_VERSION = 1.0;
				PRODUCT_BUNDLE_IDENTIFIER = com.shauryaproject.InstagramClone;
				PRODUCT_NAME = "$(TARGET_NAME)";
				SWIFT_EMIT_LOC_STRINGS = YES;
				SWIFT_VERSION = 5.0;
				TARGETED_DEVICE_FAMILY = "1,2";
			};
			name = Debug;
		};
		7BADFBB42B038E06001185BD /* Release */ = {
			isa = XCBuildConfiguration;
			buildSettings = {
				ASSETCATALOG_COMPILER_APPICON_NAME = AppIcon;
				ASSETCATALOG_COMPILER_GLOBAL_ACCENT_COLOR_NAME = AccentColor;
				CODE_SIGN_STYLE = Automatic;
				CURRENT_PROJECT_VERSION = 1;
				DEVELOPMENT_ASSET_PATHS = "\"InstagramClone/Preview Content\"";
				DEVELOPMENT_TEAM = 7SVX56GQRH;
				ENABLE_PREVIEWS = YES;
				GENERATE_INFOPLIST_FILE = YES;
				INFOPLIST_KEY_UIApplicationSceneManifest_Generation = YES;
				INFOPLIST_KEY_UIApplicationSupportsIndirectInputEvents = YES;
				INFOPLIST_KEY_UILaunchScreen_Generation = YES;
				INFOPLIST_KEY_UISupportedInterfaceOrientations_iPad = "UIInterfaceOrientationPortrait UIInterfaceOrientationPortraitUpsideDown UIInterfaceOrientationLandscapeLeft UIInterfaceOrientationLandscapeRight";
				INFOPLIST_KEY_UISupportedInterfaceOrientations_iPhone = "UIInterfaceOrientationPortrait UIInterfaceOrientationLandscapeLeft UIInterfaceOrientationLandscapeRight";
				LD_RUNPATH_SEARCH_PATHS = (
					"$(inherited)",
					"@executable_path/Frameworks",
				);
				MARKETING_VERSION = 1.0;
				PRODUCT_BUNDLE_IDENTIFIER = com.shauryaproject.InstagramClone;
				PRODUCT_NAME = "$(TARGET_NAME)";
				SWIFT_EMIT_LOC_STRINGS = YES;
				SWIFT_VERSION = 5.0;
				TARGETED_DEVICE_FAMILY = "1,2";
			};
			name = Release;
		};
/* End XCBuildConfiguration section */

/* Begin XCConfigurationList section */
		7BADFB9F2B038E02001185BD /* Build configuration list for PBXProject "InstagramClone" */ = {
			isa = XCConfigurationList;
			buildConfigurations = (
				7BADFBB02B038E06001185BD /* Debug */,
				7BADFBB12B038E06001185BD /* Release */,
			);
			defaultConfigurationIsVisible = 0;
			defaultConfigurationName = Release;
		};
		7BADFBB22B038E06001185BD /* Build configuration list for PBXNativeTarget "InstagramClone" */ = {
			isa = XCConfigurationList;
			buildConfigurations = (
				7BADFBB32B038E06001185BD /* Debug */,
				7BADFBB42B038E06001185BD /* Release */,
			);
			defaultConfigurationIsVisible = 0;
			defaultConfigurationName = Release;
		};
/* End XCConfigurationList section */
	};
	rootObject = 7BADFB9C2B038E02001185BD /* Project object */;
}
